
Microsoft Visual Studio Solution File, Format Version 12.00
# Visual Studio Version 16
VisualStudioVersion = 16.0.29806.167
MinimumVisualStudioVersion = 10.0.40219.1
Project("{9A19103F-16F7-4668-BE54-9A1E7A4F7556}") = "Communicator.WebApi", "Communicator.WebApi\Communicator.WebApi.csproj", "{0DDF865D-35E6-4F1B-B2AF-840440705471}"
EndProject
Project("{FAE04EC0-301F-11D3-BF4B-00C04F79EFBC}") = "Communicator.WebApp", "Communicator.WebApp\Communicator.WebApp.csproj", "{460486E6-F20F-4A34-8B8B-82B0FF11A66D}"
EndProject
Project("{2150E333-8FDC-42A3-9474-1A3956D46DE8}") = "Core", "Core", "{1D8B9AD0-153B-47ED-BFD4-DF585CD6B567}"
EndProject
Project("{FAE04EC0-301F-11D3-BF4B-00C04F79EFBC}") = "Communicator.Core.Web", "Communicator.Core.Web\Communicator.Core.Web.csproj", "{01ECE174-5A95-4B8D-890A-98890504442C}"
EndProject
Project("{2150E333-8FDC-42A3-9474-1A3956D46DE8}") = "Apis", "Apis", "{2F53AB35-3B95-459B-B878-B828E8C1145A}"
EndProject
Project("{FAE04EC0-301F-11D3-BF4B-00C04F79EFBC}") = "Communicator.Model", "Communicator.Model\Communicator.Model.csproj", "{DDF9C087-D498-4FDC-AFAD-FFAAFEE50FEA}"
EndProject
Project("{FAE04EC0-301F-11D3-BF4B-00C04F79EFBC}") = "Communicator.Data", "Communicator.Data\Communicator.Data.csproj", "{62A708E8-5219-4A88-AB68-33343650CA97}"
EndProject
Global
	GlobalSection(SolutionConfigurationPlatforms) = preSolution
		Debug|Any CPU = Debug|Any CPU
		Release|Any CPU = Release|Any CPU
	EndGlobalSection
	GlobalSection(ProjectConfigurationPlatforms) = postSolution
		{0DDF865D-35E6-4F1B-B2AF-840440705471}.Debug|Any CPU.ActiveCfg = Debug|Any CPU
		{0DDF865D-35E6-4F1B-B2AF-840440705471}.Debug|Any CPU.Build.0 = Debug|Any CPU
		{0DDF865D-35E6-4F1B-B2AF-840440705471}.Release|Any CPU.ActiveCfg = Release|Any CPU
		{0DDF865D-35E6-4F1B-B2AF-840440705471}.Release|Any CPU.Build.0 = Release|Any CPU
		{460486E6-F20F-4A34-8B8B-82B0FF11A66D}.Debug|Any CPU.ActiveCfg = Debug|Any CPU
		{460486E6-F20F-4A34-8B8B-82B0FF11A66D}.Debug|Any CPU.Build.0 = Debug|Any CPU
		{460486E6-F20F-4A34-8B8B-82B0FF11A66D}.Release|Any CPU.ActiveCfg = Release|Any CPU
		{460486E6-F20F-4A34-8B8B-82B0FF11A66D}.Release|Any CPU.Build.0 = Release|Any CPU
		{01ECE174-5A95-4B8D-890A-98890504442C}.Debug|Any CPU.ActiveCfg = Debug|Any CPU
		{01ECE174-5A95-4B8D-890A-98890504442C}.Debug|Any CPU.Build.0 = Debug|Any CPU
		{01ECE174-5A95-4B8D-890A-98890504442C}.Release|Any CPU.ActiveCfg = Release|Any CPU
		{01ECE174-5A95-4B8D-890A-98890504442C}.Release|Any CPU.Build.0 = Release|Any CPU
		{DDF9C087-D498-4FDC-AFAD-FFAAFEE50FEA}.Debug|Any CPU.ActiveCfg = Debug|Any CPU
		{DDF9C087-D498-4FDC-AFAD-FFAAFEE50FEA}.Debug|Any CPU.Build.0 = Debug|Any CPU
		{DDF9C087-D498-4FDC-AFAD-FFAAFEE50FEA}.Release|Any CPU.ActiveCfg = Release|Any CPU
		{DDF9C087-D498-4FDC-AFAD-FFAAFEE50FEA}.Release|Any CPU.Build.0 = Release|Any CPU
		{62A708E8-5219-4A88-AB68-33343650CA97}.Debug|Any CPU.ActiveCfg = Debug|Any CPU
		{62A708E8-5219-4A88-AB68-33343650CA97}.Debug|Any CPU.Build.0 = Debug|Any CPU
		{62A708E8-5219-4A88-AB68-33343650CA97}.Release|Any CPU.ActiveCfg = Release|Any CPU
		{62A708E8-5219-4A88-AB68-33343650CA97}.Release|Any CPU.Build.0 = Release|Any CPU
	EndGlobalSection
	GlobalSection(SolutionProperties) = preSolution
		HideSolutionNode = FALSE
	EndGlobalSection
	GlobalSection(NestedProjects) = preSolution
		{0DDF865D-35E6-4F1B-B2AF-840440705471} = {2F53AB35-3B95-459B-B878-B828E8C1145A}
		{01ECE174-5A95-4B8D-890A-98890504442C} = {1D8B9AD0-153B-47ED-BFD4-DF585CD6B567}
		{DDF9C087-D498-4FDC-AFAD-FFAAFEE50FEA} = {1D8B9AD0-153B-47ED-BFD4-DF585CD6B567}
		{62A708E8-5219-4A88-AB68-33343650CA97} = {1D8B9AD0-153B-47ED-BFD4-DF585CD6B567}
	EndGlobalSection
	GlobalSection(ExtensibilityGlobals) = postSolution
		SolutionGuid = {E75802B1-6F39-4B78-B114-C4A806850963}
	EndGlobalSection
EndGlobal
